// !$*UTF8*$!
{
	archiveVersion = 1;
	classes = {
	};
	objectVersion = 50;
	objects = {

/* Begin PBXBuildFile section */
		490BC6062147E607007AC4AF /* 1.jpeg in Resources */ = {isa = PBXBuildFile; fileRef = 490BC6052147E607007AC4AF /* 1.jpeg */; };
		490BC60B2147E616007AC4AF /* 3.jpeg in Resources */ = {isa = PBXBuildFile; fileRef = 490BC6072147E615007AC4AF /* 3.jpeg */; };
		490BC60C2147E616007AC4AF /* 0.jpeg in Resources */ = {isa = PBXBuildFile; fileRef = 490BC6082147E616007AC4AF /* 0.jpeg */; };
		490BC60D2147E616007AC4AF /* 2.jpeg in Resources */ = {isa = PBXBuildFile; fileRef = 490BC6092147E616007AC4AF /* 2.jpeg */; };
		490BC60E2147E616007AC4AF /* 4.jpeg in Resources */ = {isa = PBXBuildFile; fileRef = 490BC60A2147E616007AC4AF /* 4.jpeg */; };
		490BC6122147E62A007AC4AF /* 5.jpeg in Resources */ = {isa = PBXBuildFile; fileRef = 490BC6112147E62A007AC4AF /* 5.jpeg */; };
		490BC6142147E649007AC4AF /* 6.jpeg in Resources */ = {isa = PBXBuildFile; fileRef = 490BC6132147E649007AC4AF /* 6.jpeg */; };
		49211B852140F72D00ADA0F5 /* fatherViewController.swift in Sources */ = {isa = PBXBuildFile; fileRef = 49211B842140F72D00ADA0F5 /* fatherViewController.swift */; };
		49293F6721413D0F000B3504 /* CoolImage.swift in Sources */ = {isa = PBXBuildFile; fileRef = 49293F6621413D0F000B3504 /* CoolImage.swift */; };
		49293F6F2145629A000B3504 /* AudioToolbox.framework in Frameworks */ = {isa = PBXBuildFile; fileRef = 49293F6E2145629A000B3504 /* AudioToolbox.framework */; };
		BF73F37D21363A7500E15B7F /* AppDelegate.swift in Sources */ = {isa = PBXBuildFile; fileRef = BF73F37C21363A7500E15B7F /* AppDelegate.swift */; };
		BF73F37F21363A7500E15B7F /* ViewController.swift in Sources */ = {isa = PBXBuildFile; fileRef = BF73F37E21363A7500E15B7F /* ViewController.swift */; };
		BF73F38221363A7500E15B7F /* Main.storyboard in Resources */ = {isa = PBXBuildFile; fileRef = BF73F38021363A7500E15B7F /* Main.storyboard */; };
		BF73F38421363A7500E15B7F /* Assets.xcassets in Resources */ = {isa = PBXBuildFile; fileRef = BF73F38321363A7500E15B7F /* Assets.xcassets */; };
		BF73F38721363A7500E15B7F /* LaunchScreen.storyboard in Resources */ = {isa = PBXBuildFile; fileRef = BF73F38521363A7500E15B7F /* LaunchScreen.storyboard */; };
		BF89F9AC2136DA440052B3EB /* firstViewController.swift in Sources */ = {isa = PBXBuildFile; fileRef = BF89F9AB2136DA440052B3EB /* firstViewController.swift */; };
		BF95699E213A359E00C6A427 /* iPhone X – 1.png in Resources */ = {isa = PBXBuildFile; fileRef = BF95699D213A359E00C6A427 /* iPhone X – 1.png */; };
		BF9569A0213A35F900C6A427 /* logo.png in Resources */ = {isa = PBXBuildFile; fileRef = BF95699F213A35F900C6A427 /* logo.png */; };
		BFAD50672138350000A4137E /* SaveImageViewController.swift in Sources */ = {isa = PBXBuildFile; fileRef = BFAD50662138350000A4137E /* SaveImageViewController.swift */; };
/* End PBXBuildFile section */

/* Begin PBXFileReference section */
		490BC6052147E607007AC4AF /* 1.jpeg */ = {isa = PBXFileReference; lastKnownFileType = image.jpeg; path = 1.jpeg; sourceTree = "<group>"; };
		490BC6072147E615007AC4AF /* 3.jpeg */ = {isa = PBXFileReference; lastKnownFileType = image.jpeg; path = 3.jpeg; sourceTree = "<group>"; };
		490BC6082147E616007AC4AF /* 0.jpeg */ = {isa = PBXFileReference; lastKnownFileType = image.jpeg; path = 0.jpeg; sourceTree = "<group>"; };
		490BC6092147E616007AC4AF /* 2.jpeg */ = {isa = PBXFileReference; lastKnownFileType = image.jpeg; path = 2.jpeg; sourceTree = "<group>"; };
		490BC60A2147E616007AC4AF /* 4.jpeg */ = {isa = PBXFileReference; lastKnownFileType = image.jpeg; path = 4.jpeg; sourceTree = "<group>"; };
		490BC6112147E62A007AC4AF /* 5.jpeg */ = {isa = PBXFileReference; lastKnownFileType = image.jpeg; path = 5.jpeg; sourceTree = "<group>"; };
		490BC6132147E649007AC4AF /* 6.jpeg */ = {isa = PBXFileReference; lastKnownFileType = image.jpeg; path = 6.jpeg; sourceTree = "<group>"; };
		49211B842140F72D00ADA0F5 /* fatherViewController.swift */ = {isa = PBXFileReference; lastKnownFileType = sourcecode.swift; path = fatherViewController.swift; sourceTree = "<group>"; };
		49293F6621413D0F000B3504 /* CoolImage.swift */ = {isa = PBXFileReference; lastKnownFileType = sourcecode.swift; path = CoolImage.swift; sourceTree = "<group>"; };
		49293F6921413D97000B3504 /* README.md */ = {isa = PBXFileReference; lastKnownFileType = net.daringfireball.markdown; path = README.md; sourceTree = "<group>"; };
		49293F6E2145629A000B3504 /* AudioToolbox.framework */ = {isa = PBXFileReference; lastKnownFileType = wrapper.framework; name = AudioToolbox.framework; path = System/Library/Frameworks/AudioToolbox.framework; sourceTree = SDKROOT; };
		BF73F37921363A7500E15B7F /* huisheng.app */ = {isa = PBXFileReference; explicitFileType = wrapper.application; includeInIndex = 0; path = huisheng.app; sourceTree = BUILT_PRODUCTS_DIR; };
		BF73F37C21363A7500E15B7F /* AppDelegate.swift */ = {isa = PBXFileReference; lastKnownFileType = sourcecode.swift; path = AppDelegate.swift; sourceTree = "<group>"; };
		BF73F37E21363A7500E15B7F /* ViewController.swift */ = {isa = PBXFileReference; lastKnownFileType = sourcecode.swift; path = ViewController.swift; sourceTree = "<group>"; };
		BF73F38121363A7500E15B7F /* Base */ = {isa = PBXFileReference; lastKnownFileType = file.storyboard; name = Base; path = Base.lproj/Main.storyboard; sourceTree = "<group>"; };
		BF73F38321363A7500E15B7F /* Assets.xcassets */ = {isa = PBXFileReference; lastKnownFileType = folder.assetcatalog; path = Assets.xcassets; sourceTree = "<group>"; };
		BF73F38621363A7500E15B7F /* Base */ = {isa = PBXFileReference; lastKnownFileType = file.storyboard; name = Base; path = Base.lproj/LaunchScreen.storyboard; sourceTree = "<group>"; };
		BF73F38821363A7500E15B7F /* Info.plist */ = {isa = PBXFileReference; lastKnownFileType = text.plist.xml; path = Info.plist; sourceTree = "<group>"; };
		BF89F9AB2136DA440052B3EB /* firstViewController.swift */ = {isa = PBXFileReference; lastKnownFileType = sourcecode.swift; path = firstViewController.swift; sourceTree = "<group>"; };
		BF95699D213A359E00C6A427 /* iPhone X – 1.png */ = {isa = PBXFileReference; lastKnownFileType = image.png; name = "iPhone X – 1.png"; path = "icon/iPhone X – 1.png"; sourceTree = SOURCE_ROOT; };
		BF95699F213A35F900C6A427 /* logo.png */ = {isa = PBXFileReference; lastKnownFileType = image.png; name = logo.png; path = icon/logo.png; sourceTree = SOURCE_ROOT; };
		BFAD505C213827F800A4137E /* huisheng.entitlements */ = {isa = PBXFileReference; lastKnownFileType = text.plist.entitlements; path = huisheng.entitlements; sourceTree = "<group>"; };
		BFAD50662138350000A4137E /* SaveImageViewController.swift */ = {isa = PBXFileReference; lastKnownFileType = sourcecode.swift; path = SaveImageViewController.swift; sourceTree = "<group>"; };
/* End PBXFileReference section */

/* Begin PBXFrameworksBuildPhase section */
		BF73F37621363A7500E15B7F /* Frameworks */ = {
			isa = PBXFrameworksBuildPhase;
			buildActionMask = 2147483647;
			files = (
				49293F6F2145629A000B3504 /* AudioToolbox.framework in Frameworks */,
			);
			runOnlyForDeploymentPostprocessing = 0;
		};
/* End PBXFrameworksBuildPhase section */

/* Begin PBXGroup section */
		49293F6821413D58000B3504 /* VIew */ = {
			isa = PBXGroup;
			children = (
				49211B842140F72D00ADA0F5 /* fatherViewController.swift */,
				BFAD50662138350000A4137E /* SaveImageViewController.swift */,
				BF89F9AB2136DA440052B3EB /* firstViewController.swift */,
				BF73F37E21363A7500E15B7F /* ViewController.swift */,
			);
			path = VIew;
			sourceTree = "<group>";
		};
		BF73F37021363A7500E15B7F = {
			isa = PBXGroup;
			children = (
				49293F6921413D97000B3504 /* README.md */,
				BFAD505D213827F800A4137E /* Frameworks */,
				BF73F37A21363A7500E15B7F /* Products */,
				BF73F37B21363A7500E15B7F /* huisheng */,
			);
			sourceTree = "<group>";
		};
		BF73F37A21363A7500E15B7F /* Products */ = {
			isa = PBXGroup;
			children = (
				BF73F37921363A7500E15B7F /* huisheng.app */,
			);
			name = Products;
			sourceTree = "<group>";
		};
		BF73F37B21363A7500E15B7F /* huisheng */ = {
			isa = PBXGroup;
			children = (
				BFAD505C213827F800A4137E /* huisheng.entitlements */,
				49293F6821413D58000B3504 /* VIew */,
				BF73F37C21363A7500E15B7F /* AppDelegate.swift */,
				49293F6621413D0F000B3504 /* CoolImage.swift */,
				BF73F38021363A7500E15B7F /* Main.storyboard */,
				BF73F38521363A7500E15B7F /* LaunchScreen.storyboard */,
				490BC6082147E616007AC4AF /* 0.jpeg */,
				490BC6092147E616007AC4AF /* 2.jpeg */,
				490BC6132147E649007AC4AF /* 6.jpeg */,
				490BC6072147E615007AC4AF /* 3.jpeg */,
				490BC6112147E62A007AC4AF /* 5.jpeg */,
				490BC60A2147E616007AC4AF /* 4.jpeg */,
				490BC6052147E607007AC4AF /* 1.jpeg */,
				BF73F38321363A7500E15B7F /* Assets.xcassets */,
				BF95699F213A35F900C6A427 /* logo.png */,
				BF95699D213A359E00C6A427 /* iPhone X – 1.png */,
				BF73F38821363A7500E15B7F /* Info.plist */,
			);
			path = huisheng;
			sourceTree = "<group>";
		};
		BFAD505D213827F800A4137E /* Frameworks */ = {
			isa = PBXGroup;
			children = (
				49293F6E2145629A000B3504 /* AudioToolbox.framework */,
			);
			name = Frameworks;
			sourceTree = "<group>";
		};
/* End PBXGroup section */

/* Begin PBXNativeTarget section */
		BF73F37821363A7500E15B7F /* huisheng */ = {
			isa = PBXNativeTarget;
			buildConfigurationList = BF73F38B21363A7500E15B7F /* Build configuration list for PBXNativeTarget "huisheng" */;
			buildPhases = (
				BF73F37521363A7500E15B7F /* Sources */,
				BF73F37621363A7500E15B7F /* Frameworks */,
				BF73F37721363A7500E15B7F /* Resources */,
			);
			buildRules = (
			);
			dependencies = (
			);
			name = huisheng;
			productName = huisheng;
			productReference = BF73F37921363A7500E15B7F /* huisheng.app */;
			productType = "com.apple.product-type.application";
		};
/* End PBXNativeTarget section */

/* Begin PBXProject section */
		BF73F37121363A7500E15B7F /* Project object */ = {
			isa = PBXProject;
			attributes = {
				LastSwiftUpdateCheck = 0920;
				LastUpgradeCheck = 0940;
				ORGANIZATIONNAME = Andrew;
				TargetAttributes = {
					BF73F37821363A7500E15B7F = {
						CreatedOnToolsVersion = 9.2;
						SystemCapabilities = {
							com.apple.InterAppAudio = {
								enabled = 1;
							};
						};
					};
				};
			};
			buildConfigurationList = BF73F37421363A7500E15B7F /* Build configuration list for PBXProject "huisheng" */;
			compatibilityVersion = "Xcode 9.3";
			developmentRegion = en;
			hasScannedForEncodings = 0;
			knownRegions = (
				en,
				Base,
			);
			mainGroup = BF73F37021363A7500E15B7F;
			productRefGroup = BF73F37A21363A7500E15B7F /* Products */;
			projectDirPath = "";
			projectRoot = "";
			targets = (
				BF73F37821363A7500E15B7F /* huisheng */,
			);
		};
/* End PBXProject section */

/* Begin PBXResourcesBuildPhase section */
		BF73F37721363A7500E15B7F /* Resources */ = {
			isa = PBXResourcesBuildPhase;
			buildActionMask = 2147483647;
			files = (
				490BC6142147E649007AC4AF /* 6.jpeg in Resources */,
				490BC60E2147E616007AC4AF /* 4.jpeg in Resources */,
				BF95699E213A359E00C6A427 /* iPhone X – 1.png in Resources */,
				490BC6062147E607007AC4AF /* 1.jpeg in Resources */,
				490BC60C2147E616007AC4AF /* 0.jpeg in Resources */,
				BF73F38721363A7500E15B7F /* LaunchScreen.storyboard in Resources */,
				BF9569A0213A35F900C6A427 /* logo.png in Resources */,
				BF73F38421363A7500E15B7F /* Assets.xcassets in Resources */,
				490BC60B2147E616007AC4AF /* 3.jpeg in Resources */,
				BF73F38221363A7500E15B7F /* Main.storyboard in Resources */,
				490BC60D2147E616007AC4AF /* 2.jpeg in Resources */,
				490BC6122147E62A007AC4AF /* 5.jpeg in Resources */,
			);
			runOnlyForDeploymentPostprocessing = 0;
		};
/* End PBXResourcesBuildPhase section */

/* Begin PBXSourcesBuildPhase section */
		BF73F37521363A7500E15B7F /* Sources */ = {
			isa = PBXSourcesBuildPhase;
			buildActionMask = 2147483647;
			files = (
				BF73F37F21363A7500E15B7F /* ViewController.swift in Sources */,
				49211B852140F72D00ADA0F5 /* fatherViewController.swift in Sources */,
				BFAD50672138350000A4137E /* SaveImageViewController.swift in Sources */,
				BF73F37D21363A7500E15B7F /* AppDelegate.swift in Sources */,
				49293F6721413D0F000B3504 /* CoolImage.swift in Sources */,
				BF89F9AC2136DA440052B3EB /* firstViewController.swift in Sources */,
			);
			runOnlyForDeploymentPostprocessing = 0;
		};
/* End PBXSourcesBuildPhase section */

/* Begin PBXVariantGroup section */
		BF73F38021363A7500E15B7F /* Main.storyboard */ = {
			isa = PBXVariantGroup;
			children = (
				BF73F38121363A7500E15B7F /* Base */,
			);
			name = Main.storyboard;
			sourceTree = "<group>";
		};
		BF73F38521363A7500E15B7F /* LaunchScreen.storyboard */ = {
			isa = PBXVariantGroup;
			children = (
				BF73F38621363A7500E15B7F /* Base */,
			);
			name = LaunchScreen.storyboard;
			sourceTree = "<group>";
		};
/* End PBXVariantGroup section */

/* Begin XCBuildConfiguration section */
		BF73F38921363A7500E15B7F /* Debug */ = {
			isa = XCBuildConfiguration;
			buildSettings = {
				ALWAYS_SEARCH_USER_PATHS = NO;
				CLANG_ANALYZER_NONNULL = YES;
				CLANG_ANALYZER_NUMBER_OBJECT_CONVERSION = YES_AGGRESSIVE;
				CLANG_CXX_LANGUAGE_STANDARD = "gnu++14";
				CLANG_CXX_LIBRARY = "libc++";
				CLANG_ENABLE_MODULES = YES;
				CLANG_ENABLE_OBJC_ARC = YES;
				CLANG_WARN_BLOCK_CAPTURE_AUTORELEASING = YES;
				CLANG_WARN_BOOL_CONVERSION = YES;
				CLANG_WARN_COMMA = YES;
				CLANG_WARN_CONSTANT_CONVERSION = YES;
				CLANG_WARN_DEPRECATED_OBJC_IMPLEMENTATIONS = YES;
				CLANG_WARN_DIRECT_OBJC_ISA_USAGE = YES_ERROR;
				CLANG_WARN_DOCUMENTATION_COMMENTS = YES;
				CLANG_WARN_EMPTY_BODY = YES;
				CLANG_WARN_ENUM_CONVERSION = YES;
				CLANG_WARN_INFINITE_RECURSION = YES;
				CLANG_WARN_INT_CONVERSION = YES;
				CLANG_WARN_NON_LITERAL_NULL_CONVERSION = YES;
				CLANG_WARN_OBJC_IMPLICIT_RETAIN_SELF = YES;
				CLANG_WARN_OBJC_LITERAL_CONVERSION = YES;
				CLANG_WARN_OBJC_ROOT_CLASS = YES_ERROR;
				CLANG_WARN_RANGE_LOOP_ANALYSIS = YES;
				CLANG_WARN_STRICT_PROTOTYPES = YES;
				CLANG_WARN_SUSPICIOUS_MOVE = YES;
				CLANG_WARN_UNGUARDED_AVAILABILITY = YES_AGGRESSIVE;
				CLANG_WARN_UNREACHABLE_CODE = YES;
				CLANG_WARN__DUPLICATE_METHOD_MATCH = YES;
				CODE_SIGN_IDENTITY = "iPhone Developer: woshisyb@live.com (FT478GQT54)";
				COPY_PHASE_STRIP = NO;
				DEBUG_INFORMATION_FORMAT = dwarf;
				ENABLE_STRICT_OBJC_MSGSEND = YES;
				ENABLE_TESTABILITY = YES;
				GCC_C_LANGUAGE_STANDARD = gnu11;
				GCC_DYNAMIC_NO_PIC = NO;
				GCC_NO_COMMON_BLOCKS = YES;
				GCC_OPTIMIZATION_LEVEL = 0;
				GCC_PREPROCESSOR_DEFINITIONS = (
					"DEBUG=1",
					"$(inherited)",
				);
				GCC_WARN_64_TO_32_BIT_CONVERSION = YES;
				GCC_WARN_ABOUT_RETURN_TYPE = YES_ERROR;
				GCC_WARN_UNDECLARED_SELECTOR = YES;
				GCC_WARN_UNINITIALIZED_AUTOS = YES_AGGRESSIVE;
				GCC_WARN_UNUSED_FUNCTION = YES;
				GCC_WARN_UNUSED_VARIABLE = YES;
				IPHONEOS_DEPLOYMENT_TARGET = 11.4;
				MTL_ENABLE_DEBUG_INFO = YES;
				ONLY_ACTIVE_ARCH = YES;
				SDKROOT = iphoneos;
				SWIFT_ACTIVE_COMPILATION_CONDITIONS = DEBUG;
				SWIFT_OPTIMIZATION_LEVEL = "-Onone";
			};
			name = Debug;
		};
		BF73F38A21363A7500E15B7F /* Release */ = {
			isa = XCBuildConfiguration;
			buildSettings = {
				ALWAYS_SEARCH_USER_PATHS = NO;
				CLANG_ANALYZER_NONNULL = YES;
				CLANG_ANALYZER_NUMBER_OBJECT_CONVERSION = YES_AGGRESSIVE;
				CLANG_CXX_LANGUAGE_STANDARD = "gnu++14";
				CLANG_CXX_LIBRARY = "libc++";
				CLANG_ENABLE_MODULES = YES;
				CLANG_ENABLE_OBJC_ARC = YES;
				CLANG_WARN_BLOCK_CAPTURE_AUTORELEASING = YES;
				CLANG_WARN_BOOL_CONVERSION = YES;
				CLANG_WARN_COMMA = YES;
				CLANG_WARN_CONSTANT_CONVERSION = YES;
				CLANG_WARN_DEPRECATED_OBJC_IMPLEMENTATIONS = YES;
				CLANG_WARN_DIRECT_OBJC_ISA_USAGE = YES_ERROR;
				CLANG_WARN_DOCUMENTATION_COMMENTS = YES;
				CLANG_WARN_EMPTY_BODY = YES;
				CLANG_WARN_ENUM_CONVERSION = YES;
				CLANG_WARN_INFINITE_RECURSION = YES;
				CLANG_WARN_INT_CONVERSION = YES;
				CLANG_WARN_NON_LITERAL_NULL_CONVERSION = YES;
				CLANG_WARN_OBJC_IMPLICIT_RETAIN_SELF = YES;
				CLANG_WARN_OBJC_LITERAL_CONVERSION = YES;
				CLANG_WARN_OBJC_ROOT_CLASS = YES_ERROR;
				CLANG_WARN_RANGE_LOOP_ANALYSIS = YES;
				CLANG_WARN_STRICT_PROTOTYPES = YES;
				CLANG_WARN_SUSPICIOUS_MOVE = YES;
				CLANG_WARN_UNGUARDED_AVAILABILITY = YES_AGGRESSIVE;
				CLANG_WARN_UNREACHABLE_CODE = YES;
				CLANG_WARN__DUPLICATE_METHOD_MATCH = YES;
				CODE_SIGN_IDENTITY = "iPhone Developer: woshisyb@live.com (FT478GQT54)";
				COPY_PHASE_STRIP = NO;
				DEBUG_INFORMATION_FORMAT = "dwarf-with-dsym";
				ENABLE_NS_ASSERTIONS = NO;
				ENABLE_STRICT_OBJC_MSGSEND = YES;
				GCC_C_LANGUAGE_STANDARD = gnu11;
				GCC_NO_COMMON_BLOCKS = YES;
				GCC_WARN_64_TO_32_BIT_CONVERSION = YES;
				GCC_WARN_ABOUT_RETURN_TYPE = YES_ERROR;
				GCC_WARN_UNDECLARED_SELECTOR = YES;
				GCC_WARN_UNINITIALIZED_AUTOS = YES_AGGRESSIVE;
				GCC_WARN_UNUSED_FUNCTION = YES;
				GCC_WARN_UNUSED_VARIABLE = YES;
				IPHONEOS_DEPLOYMENT_TARGET = 11.4;
				MTL_ENABLE_DEBUG_INFO = NO;
				SDKROOT = iphoneos;
				SWIFT_COMPILATION_MODE = wholemodule;
				SWIFT_OPTIMIZATION_LEVEL = "-O";
				VALIDATE_PRODUCT = YES;
			};
			name = Release;
		};
		BF73F38C21363A7500E15B7F /* Debug */ = {
			isa = XCBuildConfiguration;
			buildSettings = {
				ASSETCATALOG_COMPILER_APPICON_NAME = AppIcon;
				CODE_SIGN_ENTITLEMENTS = huisheng/huisheng.entitlements;
				CODE_SIGN_IDENTITY = "iPhone Developer";
				"CODE_SIGN_IDENTITY[sdk=iphoneos*]" = "iPhone Developer";
				CODE_SIGN_STYLE = Automatic;
				DEVELOPMENT_TEAM = CAAH5B24K4;
				INFOPLIST_FILE = huisheng/Info.plist;
				IPHONEOS_DEPLOYMENT_TARGET = 10.2;
				LD_RUNPATH_SEARCH_PATHS = (
					"$(inherited)",
					"@executable_path/Frameworks",
				);
				PRODUCT_BUNDLE_IDENTIFIER = "huisheng.double-Y.hlju";
				PRODUCT_NAME = "$(TARGET_NAME)";
				PROVISIONING_PROFILE_SPECIFIER = "";
				SWIFT_VERSION = 4.0;
				TARGETED_DEVICE_FAMILY = 1;
			};
			name = Debug;
		};
		BF73F38D21363A7500E15B7F /* Release */ = {
			isa = XCBuildConfiguration;
			buildSettings = {
				ASSETCATALOG_COMPILER_APPICON_NAME = AppIcon;
				CODE_SIGN_ENTITLEMENTS = huisheng/huisheng.entitlements;
				CODE_SIGN_IDENTITY = "iPhone Developer";
				"CODE_SIGN_IDENTITY[sdk=iphoneos*]" = "iPhone Developer";
				CODE_SIGN_STYLE = Automatic;
				DEVELOPMENT_TEAM = CAAH5B24K4;
				INFOPLIST_FILE = huisheng/Info.plist;
				IPHONEOS_DEPLOYMENT_TARGET = 10.2;
				LD_RUNPATH_SEARCH_PATHS = (
					"$(inherited)",
					"@executable_path/Frameworks",
				);
				PRODUCT_BUNDLE_IDENTIFIER = "huisheng.double-Y.hlju";
				PRODUCT_NAME = "$(TARGET_NAME)";
				PROVISIONING_PROFILE_SPECIFIER = "";
				SWIFT_VERSION = 4.0;
				TARGETED_DEVICE_FAMILY = 1;
			};
			name = Release;
		};
/* End XCBuildConfiguration section */

/* Begin XCConfigurationList section */
		BF73F37421363A7500E15B7F /* Build configuration list for PBXProject "huisheng" */ = {
			isa = XCConfigurationList;
			buildConfigurations = (
				BF73F38921363A7500E15B7F /* Debug */,
				BF73F38A21363A7500E15B7F /* Release */,
			);
			defaultConfigurationIsVisible = 0;
			defaultConfigurationName = Release;
		};
		BF73F38B21363A7500E15B7F /* Build configuration list for PBXNativeTarget "huisheng" */ = {
			isa = XCConfigurationList;
			buildConfigurations = (
				BF73F38C21363A7500E15B7F /* Debug */,
				BF73F38D21363A7500E15B7F /* Release */,
			);
			defaultConfigurationIsVisible = 0;
			defaultConfigurationName = Release;
		};
/* End XCConfigurationList section */
	};
	rootObject = BF73F37121363A7500E15B7F /* Project object */;
}
